
Microsoft Visual Studio Solution File, Format Version 12.00
# Visual Studio Version 17
VisualStudioVersion = 17.0.32112.339
MinimumVisualStudioVersion = 10.0.40219.1
Project("{FAE04EC0-301F-11D3-BF4B-00C04F79EFBC}") = "app_jogoEstocasticos", "app_jogoEstocasticos.csproj", "{7F24B99D-664C-45B5-A975-1FA7C68AB11F}"
EndProject
Global
	GlobalSection(SolutionConfigurationPlatforms) = preSolution
		Debug|Any CPU = Debug|Any CPU
		Release|Any CPU = Release|Any CPU
	EndGlobalSection
	GlobalSection(ProjectConfigurationPlatforms) = postSolution
		{7F24B99D-664C-45B5-A975-1FA7C68AB11F}.Debug|Any CPU.ActiveCfg = Debug|Any CPU
		{7F24B99D-664C-45B5-A975-1FA7C68AB11F}.Debug|Any CPU.Build.0 = Debug|Any CPU
		{7F24B99D-664C-45B5-A975-1FA7C68AB11F}.Release|Any CPU.ActiveCfg = Release|Any CPU
		{7F24B99D-664C-45B5-A975-1FA7C68AB11F}.Release|Any CPU.Build.0 = Release|Any CPU
	EndGlobalSection
	GlobalSection(SolutionProperties) = preSolution
		HideSolutionNode = FALSE
	EndGlobalSection
	GlobalSection(ExtensibilityGlobals) = postSolution
		SolutionGuid = {E4E6B7DA-A608-4AAF-B75D-5E77DC5479BD}
	EndGlobalSection
EndGlobal
